{
  "version": "4",
  "specifiers": {
    "jsr:@yotulee/run@^0.0.5": "0.0.5"
  },
  "jsr": {
    "@yotulee/run@0.0.5": {
      "integrity": "7dbe00e414fd61e24e77e1104964513a2523da5a2f2d60032c2f16d0509cd465"
    }
  },
  "workspace": {
    "dependencies": [
      "jsr:@yotulee/run@^0.0.5"
    ]
  }
}
